
Microsoft Visual Studio Solution File, Format Version 12.00
# Visual Studio Version 16
VisualStudioVersion = 16.0.29806.167
MinimumVisualStudioVersion = 10.0.40219.1
Project("{888888A0-9F3D-457C-B088-3A5042F75D52}") = "DjangoWebProject1", "DjangoWebProject1\DjangoWebProject1.pyproj", "{3F4D0A03-CD3C-453D-880D-B77DF9FD8EBA}"
EndProject
Global
	GlobalSection(SolutionConfigurationPlatforms) = preSolution
		Debug|Any CPU = Debug|Any CPU
		Release|Any CPU = Release|Any CPU
	EndGlobalSection
	GlobalSection(ProjectConfigurationPlatforms) = postSolution
		{3F4D0A03-CD3C-453D-880D-B77DF9FD8EBA}.Debug|Any CPU.ActiveCfg = Debug|Any CPU
		{3F4D0A03-CD3C-453D-880D-B77DF9FD8EBA}.Debug|Any CPU.Build.0 = Debug|Any CPU
		{3F4D0A03-CD3C-453D-880D-B77DF9FD8EBA}.Release|Any CPU.ActiveCfg = Release|Any CPU
		{3F4D0A03-CD3C-453D-880D-B77DF9FD8EBA}.Release|Any CPU.Build.0 = Release|Any CPU
	EndGlobalSection
	GlobalSection(SolutionProperties) = preSolution
		HideSolutionNode = FALSE
	EndGlobalSection
	GlobalSection(ExtensibilityGlobals) = postSolution
		SolutionGuid = {602A9C29-1222-4CCC-91B7-E59E0EBBC745}
	EndGlobalSection
EndGlobal
